// !$*UTF8*$!
{
	archiveVersion = 1;
	classes = {
	};
	objectVersion = 50;
	objects = {

/* Begin PBXBuildFile section */
		2C254642BD0B8460041C1166 /* Pods_com_randomNameUITests.framework in Frameworks */ = {isa = PBXBuildFile; fileRef = DC8CE1BA3696445D8942C91C /* Pods_com_randomNameUITests.framework */; };
		89A6755D2701FA4D1A662AC3 /* Pods_com_randomNameTests.framework in Frameworks */ = {isa = PBXBuildFile; fileRef = 01A597BF0FD52DF8F8DA855A /* Pods_com_randomNameTests.framework */; };
		A87C623D7C2C130789BBAA00 /* Pods_com_randomName.framework in Frameworks */ = {isa = PBXBuildFile; fileRef = 0B3BA73DE106FE4F39C66DB9 /* Pods_com_randomName.framework */; };
		D05198F4214E8DAA00164DB3 /* TabBarViewController.swift in Sources */ = {isa = PBXBuildFile; fileRef = D05198F3214E8DAA00164DB3 /* TabBarViewController.swift */; };
		D05198F6214E99DA00164DB3 /* PopupViewController.swift in Sources */ = {isa = PBXBuildFile; fileRef = D05198F5214E99DA00164DB3 /* PopupViewController.swift */; };
		D05198F8214EA2F000164DB3 /* PresentationService.swift in Sources */ = {isa = PBXBuildFile; fileRef = D05198F7214EA2F000164DB3 /* PresentationService.swift */; };
		D05198FA214EA3A500164DB3 /* ViewController2.swift in Sources */ = {isa = PBXBuildFile; fileRef = D05198F9214EA3A500164DB3 /* ViewController2.swift */; };
		D05198FC214EA7A100164DB3 /* SecondPasswordViewController.swift in Sources */ = {isa = PBXBuildFile; fileRef = D05198FB214EA7A100164DB3 /* SecondPasswordViewController.swift */; };
		D05198FE214EA8E600164DB3 /* FinishControllerViewController.swift in Sources */ = {isa = PBXBuildFile; fileRef = D05198FD214EA8E600164DB3 /* FinishControllerViewController.swift */; };
		D0519900214EAFD400164DB3 /* ProductsInterestingViewController.swift in Sources */ = {isa = PBXBuildFile; fileRef = D05198FF214EAFD400164DB3 /* ProductsInterestingViewController.swift */; };
		D0519902214EB06400164DB3 /* ProductoSePuedeComprarCollectionViewController.swift in Sources */ = {isa = PBXBuildFile; fileRef = D0519901214EB06400164DB3 /* ProductoSePuedeComprarCollectionViewController.swift */; };
		D06F80D0214DC43A007203EF /* AppDelegate.swift in Sources */ = {isa = PBXBuildFile; fileRef = D06F80CF214DC43A007203EF /* AppDelegate.swift */; };
		D06F80D2214DC43A007203EF /* ViewController.swift in Sources */ = {isa = PBXBuildFile; fileRef = D06F80D1214DC43A007203EF /* ViewController.swift */; };
		D06F80D5214DC43A007203EF /* Main.storyboard in Resources */ = {isa = PBXBuildFile; fileRef = D06F80D3214DC43A007203EF /* Main.storyboard */; };
		D06F80D7214DC44E007203EF /* Assets.xcassets in Resources */ = {isa = PBXBuildFile; fileRef = D06F80D6214DC44E007203EF /* Assets.xcassets */; };
		D06F80DA214DC44E007203EF /* LaunchScreen.storyboard in Resources */ = {isa = PBXBuildFile; fileRef = D06F80D8214DC44E007203EF /* LaunchScreen.storyboard */; };
		D06F80E5214DC44E007203EF /* com_randomNameTests.swift in Sources */ = {isa = PBXBuildFile; fileRef = D06F80E4214DC44E007203EF /* com_randomNameTests.swift */; };
		D06F80F0214DC44E007203EF /* com_randomNameUITests.swift in Sources */ = {isa = PBXBuildFile; fileRef = D06F80EF214DC44E007203EF /* com_randomNameUITests.swift */; };
		D06F80FE214DDCF2007203EF /* LoginViewController.swift in Sources */ = {isa = PBXBuildFile; fileRef = D06F80FD214DDCF1007203EF /* LoginViewController.swift */; };
		D06F8100214E240A007203EF /* UITopCollectionViewController.swift in Sources */ = {isa = PBXBuildFile; fileRef = D06F80FF214E240A007203EF /* UITopCollectionViewController.swift */; };
		D06F8102214E59F6007203EF /* ItemCollectionViewCell.swift in Sources */ = {isa = PBXBuildFile; fileRef = D06F8101214E59F6007203EF /* ItemCollectionViewCell.swift */; };
		D06F8104214E5C1D007203EF /* sePuedeComprarCollectionViewController.swift in Sources */ = {isa = PBXBuildFile; fileRef = D06F8103214E5C1C007203EF /* sePuedeComprarCollectionViewController.swift */; };
		D06F8106214E5C34007203EF /* ItemModel.swift in Sources */ = {isa = PBXBuildFile; fileRef = D06F8105214E5C34007203EF /* ItemModel.swift */; };
		D06F8108214E7837007203EF /* travelsSePuedeComprarCollectionViewController.swift in Sources */ = {isa = PBXBuildFile; fileRef = D06F8107214E7837007203EF /* travelsSePuedeComprarCollectionViewController.swift */; };
		D06F810A214E79EF007203EF /* travelsInterestingCollectionViewController.swift in Sources */ = {isa = PBXBuildFile; fileRef = D06F8109214E79EF007203EF /* travelsInterestingCollectionViewController.swift */; };
		D06F810C214E7F69007203EF /* ScannerViewController.swift in Sources */ = {isa = PBXBuildFile; fileRef = D06F810B214E7F69007203EF /* ScannerViewController.swift */; };
/* End PBXBuildFile section */

/* Begin PBXContainerItemProxy section */
		D06F80E1214DC44E007203EF /* PBXContainerItemProxy */ = {
			isa = PBXContainerItemProxy;
			containerPortal = D06F80C4214DC43A007203EF /* Project object */;
			proxyType = 1;
			remoteGlobalIDString = D06F80CB214DC43A007203EF;
			remoteInfo = com.randomName;
		};
		D06F80EC214DC44E007203EF /* PBXContainerItemProxy */ = {
			isa = PBXContainerItemProxy;
			containerPortal = D06F80C4214DC43A007203EF /* Project object */;
			proxyType = 1;
			remoteGlobalIDString = D06F80CB214DC43A007203EF;
			remoteInfo = com.randomName;
		};
/* End PBXContainerItemProxy section */

/* Begin PBXFileReference section */
		01A597BF0FD52DF8F8DA855A /* Pods_com_randomNameTests.framework */ = {isa = PBXFileReference; explicitFileType = wrapper.framework; includeInIndex = 0; path = Pods_com_randomNameTests.framework; sourceTree = BUILT_PRODUCTS_DIR; };
		0B3BA73DE106FE4F39C66DB9 /* Pods_com_randomName.framework */ = {isa = PBXFileReference; explicitFileType = wrapper.framework; includeInIndex = 0; path = Pods_com_randomName.framework; sourceTree = BUILT_PRODUCTS_DIR; };
		0B3C5A70D764FF00D26D7047 /* Pods-com.randomNameTests.release.xcconfig */ = {isa = PBXFileReference; includeInIndex = 1; lastKnownFileType = text.xcconfig; name = "Pods-com.randomNameTests.release.xcconfig"; path = "Pods/Target Support Files/Pods-com.randomNameTests/Pods-com.randomNameTests.release.xcconfig"; sourceTree = "<group>"; };
		2DB93F0B791E90329A47ECAE /* Pods-com.randomNameUITests.debug.xcconfig */ = {isa = PBXFileReference; includeInIndex = 1; lastKnownFileType = text.xcconfig; name = "Pods-com.randomNameUITests.debug.xcconfig"; path = "Pods/Target Support Files/Pods-com.randomNameUITests/Pods-com.randomNameUITests.debug.xcconfig"; sourceTree = "<group>"; };
		2FB8542E2738F2A2DBF79CE1 /* Pods-com.randomName.release.xcconfig */ = {isa = PBXFileReference; includeInIndex = 1; lastKnownFileType = text.xcconfig; name = "Pods-com.randomName.release.xcconfig"; path = "Pods/Target Support Files/Pods-com.randomName/Pods-com.randomName.release.xcconfig"; sourceTree = "<group>"; };
		820AB507CBA2EBCF05C15792 /* Pods-com.randomNameUITests.release.xcconfig */ = {isa = PBXFileReference; includeInIndex = 1; lastKnownFileType = text.xcconfig; name = "Pods-com.randomNameUITests.release.xcconfig"; path = "Pods/Target Support Files/Pods-com.randomNameUITests/Pods-com.randomNameUITests.release.xcconfig"; sourceTree = "<group>"; };
		84FFCDFB5AB31C731BC9B5E4 /* Pods-com.randomName.debug.xcconfig */ = {isa = PBXFileReference; includeInIndex = 1; lastKnownFileType = text.xcconfig; name = "Pods-com.randomName.debug.xcconfig"; path = "Pods/Target Support Files/Pods-com.randomName/Pods-com.randomName.debug.xcconfig"; sourceTree = "<group>"; };
		D05198F3214E8DAA00164DB3 /* TabBarViewController.swift */ = {isa = PBXFileReference; lastKnownFileType = sourcecode.swift; path = TabBarViewController.swift; sourceTree = "<group>"; };
		D05198F5214E99DA00164DB3 /* PopupViewController.swift */ = {isa = PBXFileReference; lastKnownFileType = sourcecode.swift; path = PopupViewController.swift; sourceTree = "<group>"; };
		D05198F7214EA2F000164DB3 /* PresentationService.swift */ = {isa = PBXFileReference; lastKnownFileType = sourcecode.swift; path = PresentationService.swift; sourceTree = "<group>"; };
		D05198F9214EA3A500164DB3 /* ViewController2.swift */ = {isa = PBXFileReference; lastKnownFileType = sourcecode.swift; path = ViewController2.swift; sourceTree = "<group>"; };
		D05198FB214EA7A100164DB3 /* SecondPasswordViewController.swift */ = {isa = PBXFileReference; lastKnownFileType = sourcecode.swift; path = SecondPasswordViewController.swift; sourceTree = "<group>"; };
		D05198FD214EA8E600164DB3 /* FinishControllerViewController.swift */ = {isa = PBXFileReference; lastKnownFileType = sourcecode.swift; path = FinishControllerViewController.swift; sourceTree = "<group>"; };
		D05198FF214EAFD400164DB3 /* ProductsInterestingViewController.swift */ = {isa = PBXFileReference; lastKnownFileType = sourcecode.swift; path = ProductsInterestingViewController.swift; sourceTree = "<group>"; };
		D0519901214EB06400164DB3 /* ProductoSePuedeComprarCollectionViewController.swift */ = {isa = PBXFileReference; lastKnownFileType = sourcecode.swift; path = ProductoSePuedeComprarCollectionViewController.swift; sourceTree = "<group>"; };
		D06F80CC214DC43A007203EF /* com.randomName.app */ = {isa = PBXFileReference; explicitFileType = wrapper.application; includeInIndex = 0; path = com.randomName.app; sourceTree = BUILT_PRODUCTS_DIR; };
		D06F80CF214DC43A007203EF /* AppDelegate.swift */ = {isa = PBXFileReference; lastKnownFileType = sourcecode.swift; path = AppDelegate.swift; sourceTree = "<group>"; };
		D06F80D1214DC43A007203EF /* ViewController.swift */ = {isa = PBXFileReference; lastKnownFileType = sourcecode.swift; path = ViewController.swift; sourceTree = "<group>"; };
		D06F80D4214DC43A007203EF /* Base */ = {isa = PBXFileReference; lastKnownFileType = file.storyboard; name = Base; path = Base.lproj/Main.storyboard; sourceTree = "<group>"; };
		D06F80D6214DC44E007203EF /* Assets.xcassets */ = {isa = PBXFileReference; lastKnownFileType = folder.assetcatalog; path = Assets.xcassets; sourceTree = "<group>"; };
		D06F80D9214DC44E007203EF /* Base */ = {isa = PBXFileReference; lastKnownFileType = file.storyboard; name = Base; path = Base.lproj/LaunchScreen.storyboard; sourceTree = "<group>"; };
		D06F80DB214DC44E007203EF /* Info.plist */ = {isa = PBXFileReference; lastKnownFileType = text.plist.xml; path = Info.plist; sourceTree = "<group>"; };
		D06F80E0214DC44E007203EF /* com.randomNameTests.xctest */ = {isa = PBXFileReference; explicitFileType = wrapper.cfbundle; includeInIndex = 0; path = com.randomNameTests.xctest; sourceTree = BUILT_PRODUCTS_DIR; };
		D06F80E4214DC44E007203EF /* com_randomNameTests.swift */ = {isa = PBXFileReference; lastKnownFileType = sourcecode.swift; path = com_randomNameTests.swift; sourceTree = "<group>"; };
		D06F80E6214DC44E007203EF /* Info.plist */ = {isa = PBXFileReference; lastKnownFileType = text.plist.xml; path = Info.plist; sourceTree = "<group>"; };
		D06F80EB214DC44E007203EF /* com.randomNameUITests.xctest */ = {isa = PBXFileReference; explicitFileType = wrapper.cfbundle; includeInIndex = 0; path = com.randomNameUITests.xctest; sourceTree = BUILT_PRODUCTS_DIR; };
		D06F80EF214DC44E007203EF /* com_randomNameUITests.swift */ = {isa = PBXFileReference; lastKnownFileType = sourcecode.swift; path = com_randomNameUITests.swift; sourceTree = "<group>"; };
		D06F80F1214DC44E007203EF /* Info.plist */ = {isa = PBXFileReference; lastKnownFileType = text.plist.xml; path = Info.plist; sourceTree = "<group>"; };
		D06F80FD214DDCF1007203EF /* LoginViewController.swift */ = {isa = PBXFileReference; lastKnownFileType = sourcecode.swift; path = LoginViewController.swift; sourceTree = "<group>"; };
		D06F80FF214E240A007203EF /* UITopCollectionViewController.swift */ = {isa = PBXFileReference; lastKnownFileType = sourcecode.swift; path = UITopCollectionViewController.swift; sourceTree = "<group>"; };
		D06F8101214E59F6007203EF /* ItemCollectionViewCell.swift */ = {isa = PBXFileReference; lastKnownFileType = sourcecode.swift; path = ItemCollectionViewCell.swift; sourceTree = "<group>"; };
		D06F8103214E5C1C007203EF /* sePuedeComprarCollectionViewController.swift */ = {isa = PBXFileReference; lastKnownFileType = sourcecode.swift; path = sePuedeComprarCollectionViewController.swift; sourceTree = "<group>"; };
		D06F8105214E5C34007203EF /* ItemModel.swift */ = {isa = PBXFileReference; lastKnownFileType = sourcecode.swift; path = ItemModel.swift; sourceTree = "<group>"; };
		D06F8107214E7837007203EF /* travelsSePuedeComprarCollectionViewController.swift */ = {isa = PBXFileReference; lastKnownFileType = sourcecode.swift; path = travelsSePuedeComprarCollectionViewController.swift; sourceTree = "<group>"; };
		D06F8109214E79EF007203EF /* travelsInterestingCollectionViewController.swift */ = {isa = PBXFileReference; lastKnownFileType = sourcecode.swift; path = travelsInterestingCollectionViewController.swift; sourceTree = "<group>"; };
		D06F810B214E7F69007203EF /* ScannerViewController.swift */ = {isa = PBXFileReference; lastKnownFileType = sourcecode.swift; path = ScannerViewController.swift; sourceTree = "<group>"; };
		DC8CE1BA3696445D8942C91C /* Pods_com_randomNameUITests.framework */ = {isa = PBXFileReference; explicitFileType = wrapper.framework; includeInIndex = 0; path = Pods_com_randomNameUITests.framework; sourceTree = BUILT_PRODUCTS_DIR; };
		F3FF6FD6C7B9B9604405F50E /* Pods-com.randomNameTests.debug.xcconfig */ = {isa = PBXFileReference; includeInIndex = 1; lastKnownFileType = text.xcconfig; name = "Pods-com.randomNameTests.debug.xcconfig"; path = "Pods/Target Support Files/Pods-com.randomNameTests/Pods-com.randomNameTests.debug.xcconfig"; sourceTree = "<group>"; };
/* End PBXFileReference section */

/* Begin PBXFrameworksBuildPhase section */
		D06F80C9214DC43A007203EF /* Frameworks */ = {
			isa = PBXFrameworksBuildPhase;
			buildActionMask = 2147483647;
			files = (
				A87C623D7C2C130789BBAA00 /* Pods_com_randomName.framework in Frameworks */,
			);
			runOnlyForDeploymentPostprocessing = 0;
		};
		D06F80DD214DC44E007203EF /* Frameworks */ = {
			isa = PBXFrameworksBuildPhase;
			buildActionMask = 2147483647;
			files = (
				89A6755D2701FA4D1A662AC3 /* Pods_com_randomNameTests.framework in Frameworks */,
			);
			runOnlyForDeploymentPostprocessing = 0;
		};
		D06F80E8214DC44E007203EF /* Frameworks */ = {
			isa = PBXFrameworksBuildPhase;
			buildActionMask = 2147483647;
			files = (
				2C254642BD0B8460041C1166 /* Pods_com_randomNameUITests.framework in Frameworks */,
			);
			runOnlyForDeploymentPostprocessing = 0;
		};
/* End PBXFrameworksBuildPhase section */

/* Begin PBXGroup section */
		BA20DB85FCCAAC4A964A1AD1 /* Frameworks */ = {
			isa = PBXGroup;
			children = (
				0B3BA73DE106FE4F39C66DB9 /* Pods_com_randomName.framework */,
				01A597BF0FD52DF8F8DA855A /* Pods_com_randomNameTests.framework */,
				DC8CE1BA3696445D8942C91C /* Pods_com_randomNameUITests.framework */,
			);
			name = Frameworks;
			sourceTree = "<group>";
		};
		D06F80C3214DC43A007203EF = {
			isa = PBXGroup;
			children = (
				D06F80CE214DC43A007203EF /* com.randomName */,
				D06F80E3214DC44E007203EF /* com.randomNameTests */,
				D06F80EE214DC44E007203EF /* com.randomNameUITests */,
				D06F80CD214DC43A007203EF /* Products */,
				DB4439F066BF7908A076C2FB /* Pods */,
				BA20DB85FCCAAC4A964A1AD1 /* Frameworks */,
			);
			sourceTree = "<group>";
		};
		D06F80CD214DC43A007203EF /* Products */ = {
			isa = PBXGroup;
			children = (
				D06F80CC214DC43A007203EF /* com.randomName.app */,
				D06F80E0214DC44E007203EF /* com.randomNameTests.xctest */,
				D06F80EB214DC44E007203EF /* com.randomNameUITests.xctest */,
			);
			name = Products;
			sourceTree = "<group>";
		};
		D06F80CE214DC43A007203EF /* com.randomName */ = {
			isa = PBXGroup;
			children = (
				D06F80CF214DC43A007203EF /* AppDelegate.swift */,
				D06F80D1214DC43A007203EF /* ViewController.swift */,
				D05198F9214EA3A500164DB3 /* ViewController2.swift */,
				D06F80D3214DC43A007203EF /* Main.storyboard */,
				D06F80D6214DC44E007203EF /* Assets.xcassets */,
				D06F80D8214DC44E007203EF /* LaunchScreen.storyboard */,
				D06F80DB214DC44E007203EF /* Info.plist */,
				D06F80FD214DDCF1007203EF /* LoginViewController.swift */,
				D06F80FF214E240A007203EF /* UITopCollectionViewController.swift */,
				D06F8101214E59F6007203EF /* ItemCollectionViewCell.swift */,
				D06F8103214E5C1C007203EF /* sePuedeComprarCollectionViewController.swift */,
				D06F8105214E5C34007203EF /* ItemModel.swift */,
				D06F8107214E7837007203EF /* travelsSePuedeComprarCollectionViewController.swift */,
				D06F8109214E79EF007203EF /* travelsInterestingCollectionViewController.swift */,
				D06F810B214E7F69007203EF /* ScannerViewController.swift */,
				D05198F3214E8DAA00164DB3 /* TabBarViewController.swift */,
				D05198F5214E99DA00164DB3 /* PopupViewController.swift */,
				D05198F7214EA2F000164DB3 /* PresentationService.swift */,
				D05198FB214EA7A100164DB3 /* SecondPasswordViewController.swift */,
				D05198FD214EA8E600164DB3 /* FinishControllerViewController.swift */,
				D05198FF214EAFD400164DB3 /* ProductsInterestingViewController.swift */,
				D0519901214EB06400164DB3 /* ProductoSePuedeComprarCollectionViewController.swift */,
			);
			path = com.randomName;
			sourceTree = "<group>";
		};
		D06F80E3214DC44E007203EF /* com.randomNameTests */ = {
			isa = PBXGroup;
			children = (
				D06F80E4214DC44E007203EF /* com_randomNameTests.swift */,
				D06F80E6214DC44E007203EF /* Info.plist */,
			);
			path = com.randomNameTests;
			sourceTree = "<group>";
		};
		D06F80EE214DC44E007203EF /* com.randomNameUITests */ = {
			isa = PBXGroup;
			children = (
				D06F80EF214DC44E007203EF /* com_randomNameUITests.swift */,
				D06F80F1214DC44E007203EF /* Info.plist */,
			);
			path = com.randomNameUITests;
			sourceTree = "<group>";
		};
		DB4439F066BF7908A076C2FB /* Pods */ = {
			isa = PBXGroup;
			children = (
				84FFCDFB5AB31C731BC9B5E4 /* Pods-com.randomName.debug.xcconfig */,
				2FB8542E2738F2A2DBF79CE1 /* Pods-com.randomName.release.xcconfig */,
				F3FF6FD6C7B9B9604405F50E /* Pods-com.randomNameTests.debug.xcconfig */,
				0B3C5A70D764FF00D26D7047 /* Pods-com.randomNameTests.release.xcconfig */,
				2DB93F0B791E90329A47ECAE /* Pods-com.randomNameUITests.debug.xcconfig */,
				820AB507CBA2EBCF05C15792 /* Pods-com.randomNameUITests.release.xcconfig */,
			);
			name = Pods;
			sourceTree = "<group>";
		};
/* End PBXGroup section */

/* Begin PBXNativeTarget section */
		D06F80CB214DC43A007203EF /* com.randomName */ = {
			isa = PBXNativeTarget;
			buildConfigurationList = D06F80F4214DC44E007203EF /* Build configuration list for PBXNativeTarget "com.randomName" */;
			buildPhases = (
				A545CB2BD10DC61D97833EFB /* [CP] Check Pods Manifest.lock */,
				D06F80C8214DC43A007203EF /* Sources */,
				D06F80C9214DC43A007203EF /* Frameworks */,
				D06F80CA214DC43A007203EF /* Resources */,
				E31E3B94341DDC1E7F51995A /* [CP] Embed Pods Frameworks */,
			);
			buildRules = (
			);
			dependencies = (
			);
			name = com.randomName;
			productName = com.randomName;
			productReference = D06F80CC214DC43A007203EF /* com.randomName.app */;
			productType = "com.apple.product-type.application";
		};
		D06F80DF214DC44E007203EF /* com.randomNameTests */ = {
			isa = PBXNativeTarget;
			buildConfigurationList = D06F80F7214DC44E007203EF /* Build configuration list for PBXNativeTarget "com.randomNameTests" */;
			buildPhases = (
				14983DB8125DBF495905C85D /* [CP] Check Pods Manifest.lock */,
				D06F80DC214DC44E007203EF /* Sources */,
				D06F80DD214DC44E007203EF /* Frameworks */,
				D06F80DE214DC44E007203EF /* Resources */,
			);
			buildRules = (
			);
			dependencies = (
				D06F80E2214DC44E007203EF /* PBXTargetDependency */,
			);
			name = com.randomNameTests;
			productName = com.randomNameTests;
			productReference = D06F80E0214DC44E007203EF /* com.randomNameTests.xctest */;
			productType = "com.apple.product-type.bundle.unit-test";
		};
		D06F80EA214DC44E007203EF /* com.randomNameUITests */ = {
			isa = PBXNativeTarget;
			buildConfigurationList = D06F80FA214DC44E007203EF /* Build configuration list for PBXNativeTarget "com.randomNameUITests" */;
			buildPhases = (
				91ABB3C0E3E01DB1000C1036 /* [CP] Check Pods Manifest.lock */,
				D06F80E7214DC44E007203EF /* Sources */,
				D06F80E8214DC44E007203EF /* Frameworks */,
				D06F80E9214DC44E007203EF /* Resources */,
			);
			buildRules = (
			);
			dependencies = (
				D06F80ED214DC44E007203EF /* PBXTargetDependency */,
			);
			name = com.randomNameUITests;
			productName = com.randomNameUITests;
			productReference = D06F80EB214DC44E007203EF /* com.randomNameUITests.xctest */;
			productType = "com.apple.product-type.bundle.ui-testing";
		};
/* End PBXNativeTarget section */

/* Begin PBXProject section */
		D06F80C4214DC43A007203EF /* Project object */ = {
			isa = PBXProject;
			attributes = {
				LastSwiftUpdateCheck = 0940;
				LastUpgradeCheck = 0940;
				ORGANIZATIONNAME = RandomName;
				TargetAttributes = {
					D06F80CB214DC43A007203EF = {
						CreatedOnToolsVersion = 9.4.1;
					};
					D06F80DF214DC44E007203EF = {
						CreatedOnToolsVersion = 9.4.1;
						TestTargetID = D06F80CB214DC43A007203EF;
					};
					D06F80EA214DC44E007203EF = {
						CreatedOnToolsVersion = 9.4.1;
						TestTargetID = D06F80CB214DC43A007203EF;
					};
				};
			};
			buildConfigurationList = D06F80C7214DC43A007203EF /* Build configuration list for PBXProject "com.randomName" */;
			compatibilityVersion = "Xcode 9.3";
			developmentRegion = en;
			hasScannedForEncodings = 0;
			knownRegions = (
				en,
				Base,
			);
			mainGroup = D06F80C3214DC43A007203EF;
			productRefGroup = D06F80CD214DC43A007203EF /* Products */;
			projectDirPath = "";
			projectRoot = "";
			targets = (
				D06F80CB214DC43A007203EF /* com.randomName */,
				D06F80DF214DC44E007203EF /* com.randomNameTests */,
				D06F80EA214DC44E007203EF /* com.randomNameUITests */,
			);
		};
/* End PBXProject section */

/* Begin PBXResourcesBuildPhase section */
		D06F80CA214DC43A007203EF /* Resources */ = {
			isa = PBXResourcesBuildPhase;
			buildActionMask = 2147483647;
			files = (
				D06F80DA214DC44E007203EF /* LaunchScreen.storyboard in Resources */,
				D06F80D7214DC44E007203EF /* Assets.xcassets in Resources */,
				D06F80D5214DC43A007203EF /* Main.storyboard in Resources */,
			);
			runOnlyForDeploymentPostprocessing = 0;
		};
		D06F80DE214DC44E007203EF /* Resources */ = {
			isa = PBXResourcesBuildPhase;
			buildActionMask = 2147483647;
			files = (
			);
			runOnlyForDeploymentPostprocessing = 0;
		};
		D06F80E9214DC44E007203EF /* Resources */ = {
			isa = PBXResourcesBuildPhase;
			buildActionMask = 2147483647;
			files = (
			);
			runOnlyForDeploymentPostprocessing = 0;
		};
/* End PBXResourcesBuildPhase section */

/* Begin PBXShellScriptBuildPhase section */
		14983DB8125DBF495905C85D /* [CP] Check Pods Manifest.lock */ = {
			isa = PBXShellScriptBuildPhase;
			buildActionMask = 2147483647;
			files = (
			);
			inputPaths = (
				"${PODS_PODFILE_DIR_PATH}/Podfile.lock",
				"${PODS_ROOT}/Manifest.lock",
			);
			name = "[CP] Check Pods Manifest.lock";
			outputPaths = (
				"$(DERIVED_FILE_DIR)/Pods-com.randomNameTests-checkManifestLockResult.txt",
			);
			runOnlyForDeploymentPostprocessing = 0;
			shellPath = /bin/sh;
			shellScript = "diff \"${PODS_PODFILE_DIR_PATH}/Podfile.lock\" \"${PODS_ROOT}/Manifest.lock\" > /dev/null\nif [ $? != 0 ] ; then\n    # print error to STDERR\n    echo \"error: The sandbox is not in sync with the Podfile.lock. Run 'pod install' or update your CocoaPods installation.\" >&2\n    exit 1\nfi\n# This output is used by Xcode 'outputs' to avoid re-running this script phase.\necho \"SUCCESS\" > \"${SCRIPT_OUTPUT_FILE_0}\"\n";
			showEnvVarsInLog = 0;
		};
		91ABB3C0E3E01DB1000C1036 /* [CP] Check Pods Manifest.lock */ = {
			isa = PBXShellScriptBuildPhase;
			buildActionMask = 2147483647;
			files = (
			);
			inputPaths = (
				"${PODS_PODFILE_DIR_PATH}/Podfile.lock",
				"${PODS_ROOT}/Manifest.lock",
			);
			name = "[CP] Check Pods Manifest.lock";
			outputPaths = (
				"$(DERIVED_FILE_DIR)/Pods-com.randomNameUITests-checkManifestLockResult.txt",
			);
			runOnlyForDeploymentPostprocessing = 0;
			shellPath = /bin/sh;
			shellScript = "diff \"${PODS_PODFILE_DIR_PATH}/Podfile.lock\" \"${PODS_ROOT}/Manifest.lock\" > /dev/null\nif [ $? != 0 ] ; then\n    # print error to STDERR\n    echo \"error: The sandbox is not in sync with the Podfile.lock. Run 'pod install' or update your CocoaPods installation.\" >&2\n    exit 1\nfi\n# This output is used by Xcode 'outputs' to avoid re-running this script phase.\necho \"SUCCESS\" > \"${SCRIPT_OUTPUT_FILE_0}\"\n";
			showEnvVarsInLog = 0;
		};
		A545CB2BD10DC61D97833EFB /* [CP] Check Pods Manifest.lock */ = {
			isa = PBXShellScriptBuildPhase;
			buildActionMask = 2147483647;
			files = (
			);
			inputPaths = (
				"${PODS_PODFILE_DIR_PATH}/Podfile.lock",
				"${PODS_ROOT}/Manifest.lock",
			);
			name = "[CP] Check Pods Manifest.lock";
			outputPaths = (
				"$(DERIVED_FILE_DIR)/Pods-com.randomName-checkManifestLockResult.txt",
			);
			runOnlyForDeploymentPostprocessing = 0;
			shellPath = /bin/sh;
			shellScript = "diff \"${PODS_PODFILE_DIR_PATH}/Podfile.lock\" \"${PODS_ROOT}/Manifest.lock\" > /dev/null\nif [ $? != 0 ] ; then\n    # print error to STDERR\n    echo \"error: The sandbox is not in sync with the Podfile.lock. Run 'pod install' or update your CocoaPods installation.\" >&2\n    exit 1\nfi\n# This output is used by Xcode 'outputs' to avoid re-running this script phase.\necho \"SUCCESS\" > \"${SCRIPT_OUTPUT_FILE_0}\"\n";
			showEnvVarsInLog = 0;
		};
		E31E3B94341DDC1E7F51995A /* [CP] Embed Pods Frameworks */ = {
			isa = PBXShellScriptBuildPhase;
			buildActionMask = 2147483647;
			files = (
			);
			inputPaths = (
				"${SRCROOT}/Pods/Target Support Files/Pods-com.randomName/Pods-com.randomName-frameworks.sh",
				"${BUILT_PRODUCTS_DIR}/DynamicBlurView/DynamicBlurView.framework",
				"${BUILT_PRODUCTS_DIR}/PopupDialog/PopupDialog.framework",
			);
			name = "[CP] Embed Pods Frameworks";
			outputPaths = (
				"${TARGET_BUILD_DIR}/${FRAMEWORKS_FOLDER_PATH}/DynamicBlurView.framework",
				"${TARGET_BUILD_DIR}/${FRAMEWORKS_FOLDER_PATH}/PopupDialog.framework",
			);
			runOnlyForDeploymentPostprocessing = 0;
			shellPath = /bin/sh;
			shellScript = "\"${SRCROOT}/Pods/Target Support Files/Pods-com.randomName/Pods-com.randomName-frameworks.sh\"\n";
			showEnvVarsInLog = 0;
		};
/* End PBXShellScriptBuildPhase section */

/* Begin PBXSourcesBuildPhase section */
		D06F80C8214DC43A007203EF /* Sources */ = {
			isa = PBXSourcesBuildPhase;
			buildActionMask = 2147483647;
			files = (
				D06F8102214E59F6007203EF /* ItemCollectionViewCell.swift in Sources */,
				D06F8108214E7837007203EF /* travelsSePuedeComprarCollectionViewController.swift in Sources */,
				D05198F4214E8DAA00164DB3 /* TabBarViewController.swift in Sources */,
				D0519902214EB06400164DB3 /* ProductoSePuedeComprarCollectionViewController.swift in Sources */,
				D05198FE214EA8E600164DB3 /* FinishControllerViewController.swift in Sources */,
				D06F8104214E5C1D007203EF /* sePuedeComprarCollectionViewController.swift in Sources */,
				D06F810C214E7F69007203EF /* ScannerViewController.swift in Sources */,
				D05198FC214EA7A100164DB3 /* SecondPasswordViewController.swift in Sources */,
				D06F80FE214DDCF2007203EF /* LoginViewController.swift in Sources */,
				D06F80D2214DC43A007203EF /* ViewController.swift in Sources */,
				D05198FA214EA3A500164DB3 /* ViewController2.swift in Sources */,
				D06F8100214E240A007203EF /* UITopCollectionViewController.swift in Sources */,
				D06F8106214E5C34007203EF /* ItemModel.swift in Sources */,
				D05198F8214EA2F000164DB3 /* PresentationService.swift in Sources */,
				D06F810A214E79EF007203EF /* travelsInterestingCollectionViewController.swift in Sources */,
				D0519900214EAFD400164DB3 /* ProductsInterestingViewController.swift in Sources */,
				D06F80D0214DC43A007203EF /* AppDelegate.swift in Sources */,
				D05198F6214E99DA00164DB3 /* PopupViewController.swift in Sources */,
			);
			runOnlyForDeploymentPostprocessing = 0;
		};
		D06F80DC214DC44E007203EF /* Sources */ = {
			isa = PBXSourcesBuildPhase;
			buildActionMask = 2147483647;
			files = (
				D06F80E5214DC44E007203EF /* com_randomNameTests.swift in Sources */,
			);
			runOnlyForDeploymentPostprocessing = 0;
		};
		D06F80E7214DC44E007203EF /* Sources */ = {
			isa = PBXSourcesBuildPhase;
			buildActionMask = 2147483647;
			files = (
				D06F80F0214DC44E007203EF /* com_randomNameUITests.swift in Sources */,
			);
			runOnlyForDeploymentPostprocessing = 0;
		};
/* End PBXSourcesBuildPhase section */

/* Begin PBXTargetDependency section */
		D06F80E2214DC44E007203EF /* PBXTargetDependency */ = {
			isa = PBXTargetDependency;
			target = D06F80CB214DC43A007203EF /* com.randomName */;
			targetProxy = D06F80E1214DC44E007203EF /* PBXContainerItemProxy */;
		};
		D06F80ED214DC44E007203EF /* PBXTargetDependency */ = {
			isa = PBXTargetDependency;
			target = D06F80CB214DC43A007203EF /* com.randomName */;
			targetProxy = D06F80EC214DC44E007203EF /* PBXContainerItemProxy */;
		};
/* End PBXTargetDependency section */

/* Begin PBXVariantGroup section */
		D06F80D3214DC43A007203EF /* Main.storyboard */ = {
			isa = PBXVariantGroup;
			children = (
				D06F80D4214DC43A007203EF /* Base */,
			);
			name = Main.storyboard;
			sourceTree = "<group>";
		};
		D06F80D8214DC44E007203EF /* LaunchScreen.storyboard */ = {
			isa = PBXVariantGroup;
			children = (
				D06F80D9214DC44E007203EF /* Base */,
			);
			name = LaunchScreen.storyboard;
			sourceTree = "<group>";
		};
/* End PBXVariantGroup section */

/* Begin XCBuildConfiguration section */
		D06F80F2214DC44E007203EF /* Debug */ = {
			isa = XCBuildConfiguration;
			buildSettings = {
				ALWAYS_SEARCH_USER_PATHS = NO;
				CLANG_ANALYZER_NONNULL = YES;
				CLANG_ANALYZER_NUMBER_OBJECT_CONVERSION = YES_AGGRESSIVE;
				CLANG_CXX_LANGUAGE_STANDARD = "gnu++14";
				CLANG_CXX_LIBRARY = "libc++";
				CLANG_ENABLE_MODULES = YES;
				CLANG_ENABLE_OBJC_ARC = YES;
				CLANG_ENABLE_OBJC_WEAK = YES;
				CLANG_WARN_BLOCK_CAPTURE_AUTORELEASING = YES;
				CLANG_WARN_BOOL_CONVERSION = YES;
				CLANG_WARN_COMMA = YES;
				CLANG_WARN_CONSTANT_CONVERSION = YES;
				CLANG_WARN_DEPRECATED_OBJC_IMPLEMENTATIONS = YES;
				CLANG_WARN_DIRECT_OBJC_ISA_USAGE = YES_ERROR;
				CLANG_WARN_DOCUMENTATION_COMMENTS = YES;
				CLANG_WARN_EMPTY_BODY = YES;
				CLANG_WARN_ENUM_CONVERSION = YES;
				CLANG_WARN_INFINITE_RECURSION = YES;
				CLANG_WARN_INT_CONVERSION = YES;
				CLANG_WARN_NON_LITERAL_NULL_CONVERSION = YES;
				CLANG_WARN_OBJC_IMPLICIT_RETAIN_SELF = YES;
				CLANG_WARN_OBJC_LITERAL_CONVERSION = YES;
				CLANG_WARN_OBJC_ROOT_CLASS = YES_ERROR;
				CLANG_WARN_RANGE_LOOP_ANALYSIS = YES;
				CLANG_WARN_STRICT_PROTOTYPES = YES;
				CLANG_WARN_SUSPICIOUS_MOVE = YES;
				CLANG_WARN_UNGUARDED_AVAILABILITY = YES_AGGRESSIVE;
				CLANG_WARN_UNREACHABLE_CODE = YES;
				CLANG_WARN__DUPLICATE_METHOD_MATCH = YES;
				CODE_SIGN_IDENTITY = "iPhone Developer";
				COPY_PHASE_STRIP = NO;
				DEBUG_INFORMATION_FORMAT = dwarf;
				ENABLE_STRICT_OBJC_MSGSEND = YES;
				ENABLE_TESTABILITY = YES;
				GCC_C_LANGUAGE_STANDARD = gnu11;
				GCC_DYNAMIC_NO_PIC = NO;
				GCC_NO_COMMON_BLOCKS = YES;
				GCC_OPTIMIZATION_LEVEL = 0;
				GCC_PREPROCESSOR_DEFINITIONS = (
					"DEBUG=1",
					"$(inherited)",
				);
				GCC_WARN_64_TO_32_BIT_CONVERSION = YES;
				GCC_WARN_ABOUT_RETURN_TYPE = YES_ERROR;
				GCC_WARN_UNDECLARED_SELECTOR = YES;
				GCC_WARN_UNINITIALIZED_AUTOS = YES_AGGRESSIVE;
				GCC_WARN_UNUSED_FUNCTION = YES;
				GCC_WARN_UNUSED_VARIABLE = YES;
				IPHONEOS_DEPLOYMENT_TARGET = 11.4;
				MTL_ENABLE_DEBUG_INFO = YES;
				ONLY_ACTIVE_ARCH = YES;
				SDKROOT = iphoneos;
				SWIFT_ACTIVE_COMPILATION_CONDITIONS = DEBUG;
				SWIFT_OPTIMIZATION_LEVEL = "-Onone";
			};
			name = Debug;
		};
		D06F80F3214DC44E007203EF /* Release */ = {
			isa = XCBuildConfiguration;
			buildSettings = {
				ALWAYS_SEARCH_USER_PATHS = NO;
				CLANG_ANALYZER_NONNULL = YES;
				CLANG_ANALYZER_NUMBER_OBJECT_CONVERSION = YES_AGGRESSIVE;
				CLANG_CXX_LANGUAGE_STANDARD = "gnu++14";
				CLANG_CXX_LIBRARY = "libc++";
				CLANG_ENABLE_MODULES = YES;
				CLANG_ENABLE_OBJC_ARC = YES;
				CLANG_ENABLE_OBJC_WEAK = YES;
				CLANG_WARN_BLOCK_CAPTURE_AUTORELEASING = YES;
				CLANG_WARN_BOOL_CONVERSION = YES;
				CLANG_WARN_COMMA = YES;
				CLANG_WARN_CONSTANT_CONVERSION = YES;
				CLANG_WARN_DEPRECATED_OBJC_IMPLEMENTATIONS = YES;
				CLANG_WARN_DIRECT_OBJC_ISA_USAGE = YES_ERROR;
				CLANG_WARN_DOCUMENTATION_COMMENTS = YES;
				CLANG_WARN_EMPTY_BODY = YES;
				CLANG_WARN_ENUM_CONVERSION = YES;
				CLANG_WARN_INFINITE_RECURSION = YES;
				CLANG_WARN_INT_CONVERSION = YES;
				CLANG_WARN_NON_LITERAL_NULL_CONVERSION = YES;
				CLANG_WARN_OBJC_IMPLICIT_RETAIN_SELF = YES;
				CLANG_WARN_OBJC_LITERAL_CONVERSION = YES;
				CLANG_WARN_OBJC_ROOT_CLASS = YES_ERROR;
				CLANG_WARN_RANGE_LOOP_ANALYSIS = YES;
				CLANG_WARN_STRICT_PROTOTYPES = YES;
				CLANG_WARN_SUSPICIOUS_MOVE = YES;
				CLANG_WARN_UNGUARDED_AVAILABILITY = YES_AGGRESSIVE;
				CLANG_WARN_UNREACHABLE_CODE = YES;
				CLANG_WARN__DUPLICATE_METHOD_MATCH = YES;
				CODE_SIGN_IDENTITY = "iPhone Developer";
				COPY_PHASE_STRIP = NO;
				DEBUG_INFORMATION_FORMAT = "dwarf-with-dsym";
				ENABLE_NS_ASSERTIONS = NO;
				ENABLE_STRICT_OBJC_MSGSEND = YES;
				GCC_C_LANGUAGE_STANDARD = gnu11;
				GCC_NO_COMMON_BLOCKS = YES;
				GCC_WARN_64_TO_32_BIT_CONVERSION = YES;
				GCC_WARN_ABOUT_RETURN_TYPE = YES_ERROR;
				GCC_WARN_UNDECLARED_SELECTOR = YES;
				GCC_WARN_UNINITIALIZED_AUTOS = YES_AGGRESSIVE;
				GCC_WARN_UNUSED_FUNCTION = YES;
				GCC_WARN_UNUSED_VARIABLE = YES;
				IPHONEOS_DEPLOYMENT_TARGET = 11.4;
				MTL_ENABLE_DEBUG_INFO = NO;
				SDKROOT = iphoneos;
				SWIFT_COMPILATION_MODE = wholemodule;
				SWIFT_OPTIMIZATION_LEVEL = "-O";
				VALIDATE_PRODUCT = YES;
			};
			name = Release;
		};
		D06F80F5214DC44E007203EF /* Debug */ = {
			isa = XCBuildConfiguration;
			baseConfigurationReference = 84FFCDFB5AB31C731BC9B5E4 /* Pods-com.randomName.debug.xcconfig */;
			buildSettings = {
				ASSETCATALOG_COMPILER_APPICON_NAME = AppIcon;
				CODE_SIGN_STYLE = Automatic;
				DEVELOPMENT_TEAM = D95JKLV38C;
				INFOPLIST_FILE = com.randomName/Info.plist;
				IPHONEOS_DEPLOYMENT_TARGET = 11.3;
				LD_RUNPATH_SEARCH_PATHS = (
					"$(inherited)",
					"@executable_path/Frameworks",
				);
				PRODUCT_BUNDLE_IDENTIFIER = RandomName.com;
				PRODUCT_NAME = "$(TARGET_NAME)";
				SWIFT_VERSION = 4.0;
				TARGETED_DEVICE_FAMILY = 1;
			};
			name = Debug;
		};
		D06F80F6214DC44E007203EF /* Release */ = {
			isa = XCBuildConfiguration;
			baseConfigurationReference = 2FB8542E2738F2A2DBF79CE1 /* Pods-com.randomName.release.xcconfig */;
			buildSettings = {
				ASSETCATALOG_COMPILER_APPICON_NAME = AppIcon;
				CODE_SIGN_STYLE = Automatic;
				DEVELOPMENT_TEAM = D95JKLV38C;
				INFOPLIST_FILE = com.randomName/Info.plist;
				IPHONEOS_DEPLOYMENT_TARGET = 11.3;
				LD_RUNPATH_SEARCH_PATHS = (
					"$(inherited)",
					"@executable_path/Frameworks",
				);
				PRODUCT_BUNDLE_IDENTIFIER = RandomName.com;
				PRODUCT_NAME = "$(TARGET_NAME)";
				SWIFT_VERSION = 4.0;
				TARGETED_DEVICE_FAMILY = 1;
			};
			name = Release;
		};
		D06F80F8214DC44E007203EF /* Debug */ = {
			isa = XCBuildConfiguration;
			baseConfigurationReference = F3FF6FD6C7B9B9604405F50E /* Pods-com.randomNameTests.debug.xcconfig */;
			buildSettings = {
				ALWAYS_EMBED_SWIFT_STANDARD_LIBRARIES = YES;
				BUNDLE_LOADER = "$(TEST_HOST)";
				CODE_SIGN_STYLE = Automatic;
				INFOPLIST_FILE = com.randomNameTests/Info.plist;
				LD_RUNPATH_SEARCH_PATHS = (
					"$(inherited)",
					"@executable_path/Frameworks",
					"@loader_path/Frameworks",
				);
				PRODUCT_BUNDLE_IDENTIFIER = "RandomName.com-randomNameTests";
				PRODUCT_NAME = "$(TARGET_NAME)";
				SWIFT_VERSION = 4.0;
				TARGETED_DEVICE_FAMILY = "1,2";
				TEST_HOST = "$(BUILT_PRODUCTS_DIR)/com.randomName.app/com.randomName";
			};
			name = Debug;
		};
		D06F80F9214DC44E007203EF /* Release */ = {
			isa = XCBuildConfiguration;
			baseConfigurationReference = 0B3C5A70D764FF00D26D7047 /* Pods-com.randomNameTests.release.xcconfig */;
			buildSettings = {
				ALWAYS_EMBED_SWIFT_STANDARD_LIBRARIES = YES;
				BUNDLE_LOADER = "$(TEST_HOST)";
				CODE_SIGN_STYLE = Automatic;
				INFOPLIST_FILE = com.randomNameTests/Info.plist;
				LD_RUNPATH_SEARCH_PATHS = (
					"$(inherited)",
					"@executable_path/Frameworks",
					"@loader_path/Frameworks",
				);
				PRODUCT_BUNDLE_IDENTIFIER = "RandomName.com-randomNameTests";
				PRODUCT_NAME = "$(TARGET_NAME)";
				SWIFT_VERSION = 4.0;
				TARGETED_DEVICE_FAMILY = "1,2";
				TEST_HOST = "$(BUILT_PRODUCTS_DIR)/com.randomName.app/com.randomName";
			};
			name = Release;
		};
		D06F80FB214DC44E007203EF /* Debug */ = {
			isa = XCBuildConfiguration;
			baseConfigurationReference = 2DB93F0B791E90329A47ECAE /* Pods-com.randomNameUITests.debug.xcconfig */;
			buildSettings = {
				ALWAYS_EMBED_SWIFT_STANDARD_LIBRARIES = YES;
				CODE_SIGN_STYLE = Automatic;
				INFOPLIST_FILE = com.randomNameUITests/Info.plist;
				LD_RUNPATH_SEARCH_PATHS = (
					"$(inherited)",
					"@executable_path/Frameworks",
					"@loader_path/Frameworks",
				);
				PRODUCT_BUNDLE_IDENTIFIER = "RandomName.com-randomNameUITests";
				PRODUCT_NAME = "$(TARGET_NAME)";
				SWIFT_VERSION = 4.0;
				TARGETED_DEVICE_FAMILY = "1,2";
				TEST_TARGET_NAME = com.randomName;
			};
			name = Debug;
		};
		D06F80FC214DC44E007203EF /* Release */ = {
			isa = XCBuildConfiguration;
			baseConfigurationReference = 820AB507CBA2EBCF05C15792 /* Pods-com.randomNameUITests.release.xcconfig */;
			buildSettings = {
				ALWAYS_EMBED_SWIFT_STANDARD_LIBRARIES = YES;
				CODE_SIGN_STYLE = Automatic;
				INFOPLIST_FILE = com.randomNameUITests/Info.plist;
				LD_RUNPATH_SEARCH_PATHS = (
					"$(inherited)",
					"@executable_path/Frameworks",
					"@loader_path/Frameworks",
				);
				PRODUCT_BUNDLE_IDENTIFIER = "RandomName.com-randomNameUITests";
				PRODUCT_NAME = "$(TARGET_NAME)";
				SWIFT_VERSION = 4.0;
				TARGETED_DEVICE_FAMILY = "1,2";
				TEST_TARGET_NAME = com.randomName;
			};
			name = Release;
		};
/* End XCBuildConfiguration section */

/* Begin XCConfigurationList section */
		D06F80C7214DC43A007203EF /* Build configuration list for PBXProject "com.randomName" */ = {
			isa = XCConfigurationList;
			buildConfigurations = (
				D06F80F2214DC44E007203EF /* Debug */,
				D06F80F3214DC44E007203EF /* Release */,
			);
			defaultConfigurationIsVisible = 0;
			defaultConfigurationName = Release;
		};
		D06F80F4214DC44E007203EF /* Build configuration list for PBXNativeTarget "com.randomName" */ = {
			isa = XCConfigurationList;
			buildConfigurations = (
				D06F80F5214DC44E007203EF /* Debug */,
				D06F80F6214DC44E007203EF /* Release */,
			);
			defaultConfigurationIsVisible = 0;
			defaultConfigurationName = Release;
		};
		D06F80F7214DC44E007203EF /* Build configuration list for PBXNativeTarget "com.randomNameTests" */ = {
			isa = XCConfigurationList;
			buildConfigurations = (
				D06F80F8214DC44E007203EF /* Debug */,
				D06F80F9214DC44E007203EF /* Release */,
			);
			defaultConfigurationIsVisible = 0;
			defaultConfigurationName = Release;
		};
		D06F80FA214DC44E007203EF /* Build configuration list for PBXNativeTarget "com.randomNameUITests" */ = {
			isa = XCConfigurationList;
			buildConfigurations = (
				D06F80FB214DC44E007203EF /* Debug */,
				D06F80FC214DC44E007203EF /* Release */,
			);
			defaultConfigurationIsVisible = 0;
			defaultConfigurationName = Release;
		};
/* End XCConfigurationList section */
	};
	rootObject = D06F80C4214DC43A007203EF /* Project object */;
}
